
Microsoft Visual Studio Solution File, Format Version 11.00
# Visual Studio 2010
Project("{FAE04EC0-301F-11D3-BF4B-00C04F79EFBC}") = "LogicalDangeon", "Assembly-CSharp.csproj", "{73926C68-C264-7A13-D007-31E97C0C7B7B}"
EndProject
Project("{FAE04EC0-301F-11D3-BF4B-00C04F79EFBC}") = "LogicalDangeon", "Assembly-CSharp-Editor.csproj", "{BFFB1103-B42A-F0E6-2DBF-F46A32FD80E5}"
EndProject
Global
	GlobalSection(SolutionConfigurationPlatforms) = preSolution
		Debug|Any CPU = Debug|Any CPU
		Release|Any CPU = Release|Any CPU
	EndGlobalSection
	GlobalSection(ProjectConfigurationPlatforms) = postSolution
		{73926C68-C264-7A13-D007-31E97C0C7B7B}.Debug|Any CPU.ActiveCfg = Debug|Any CPU
		{73926C68-C264-7A13-D007-31E97C0C7B7B}.Debug|Any CPU.Build.0 = Debug|Any CPU
		{73926C68-C264-7A13-D007-31E97C0C7B7B}.Release|Any CPU.ActiveCfg = Release|Any CPU
		{73926C68-C264-7A13-D007-31E97C0C7B7B}.Release|Any CPU.Build.0 = Release|Any CPU
		{BFFB1103-B42A-F0E6-2DBF-F46A32FD80E5}.Debug|Any CPU.ActiveCfg = Debug|Any CPU
		{BFFB1103-B42A-F0E6-2DBF-F46A32FD80E5}.Debug|Any CPU.Build.0 = Debug|Any CPU
		{BFFB1103-B42A-F0E6-2DBF-F46A32FD80E5}.Release|Any CPU.ActiveCfg = Release|Any CPU
		{BFFB1103-B42A-F0E6-2DBF-F46A32FD80E5}.Release|Any CPU.Build.0 = Release|Any CPU
	EndGlobalSection
	GlobalSection(SolutionProperties) = preSolution
		HideSolutionNode = FALSE
	EndGlobalSection
	GlobalSection(MonoDevelopProperties) = preSolution
		StartupItem = Assembly-CSharp.csproj
	EndGlobalSection
EndGlobal
